
Microsoft Visual Studio Solution File, Format Version 12.00
# Visual Studio Version 17
VisualStudioVersion = 17.1.32421.90
MinimumVisualStudioVersion = 10.0.40219.1
Project("{FAE04EC0-301F-11D3-BF4B-00C04F79EFBC}") = "SectraDataApp", "SectraDataApp\SectraDataApp.csproj", "{0AF74BBF-48F7-4D42-A6D0-3C884873467A}"
EndProject
Project("{00D1A9C2-B5F0-4AF3-8072-F6C62B433612}") = "PatchDb", "PatchDb\PatchDb.sqlproj", "{E55DD1F1-34FF-4F87-ADA5-2BC60561A860}"
EndProject
Project("{FAE04EC0-301F-11D3-BF4B-00C04F79EFBC}") = "DataAccess", "DataAccess\DataAccess.csproj", "{8A24CF62-190B-472F-9001-2F29FFCA853C}"
EndProject
Global
	GlobalSection(SolutionConfigurationPlatforms) = preSolution
		Debug|Any CPU = Debug|Any CPU
		Release|Any CPU = Release|Any CPU
	EndGlobalSection
	GlobalSection(ProjectConfigurationPlatforms) = postSolution
		{0AF74BBF-48F7-4D42-A6D0-3C884873467A}.Debug|Any CPU.ActiveCfg = Debug|Any CPU
		{0AF74BBF-48F7-4D42-A6D0-3C884873467A}.Debug|Any CPU.Build.0 = Debug|Any CPU
		{0AF74BBF-48F7-4D42-A6D0-3C884873467A}.Release|Any CPU.ActiveCfg = Release|Any CPU
		{0AF74BBF-48F7-4D42-A6D0-3C884873467A}.Release|Any CPU.Build.0 = Release|Any CPU
		{E55DD1F1-34FF-4F87-ADA5-2BC60561A860}.Debug|Any CPU.ActiveCfg = Debug|Any CPU
		{E55DD1F1-34FF-4F87-ADA5-2BC60561A860}.Debug|Any CPU.Build.0 = Debug|Any CPU
		{E55DD1F1-34FF-4F87-ADA5-2BC60561A860}.Debug|Any CPU.Deploy.0 = Debug|Any CPU
		{E55DD1F1-34FF-4F87-ADA5-2BC60561A860}.Release|Any CPU.ActiveCfg = Release|Any CPU
		{E55DD1F1-34FF-4F87-ADA5-2BC60561A860}.Release|Any CPU.Build.0 = Release|Any CPU
		{E55DD1F1-34FF-4F87-ADA5-2BC60561A860}.Release|Any CPU.Deploy.0 = Release|Any CPU
		{8A24CF62-190B-472F-9001-2F29FFCA853C}.Debug|Any CPU.ActiveCfg = Debug|Any CPU
		{8A24CF62-190B-472F-9001-2F29FFCA853C}.Debug|Any CPU.Build.0 = Debug|Any CPU
		{8A24CF62-190B-472F-9001-2F29FFCA853C}.Release|Any CPU.ActiveCfg = Release|Any CPU
		{8A24CF62-190B-472F-9001-2F29FFCA853C}.Release|Any CPU.Build.0 = Release|Any CPU
	EndGlobalSection
	GlobalSection(SolutionProperties) = preSolution
		HideSolutionNode = FALSE
	EndGlobalSection
	GlobalSection(ExtensibilityGlobals) = postSolution
		SolutionGuid = {F4DFAC18-C690-4B80-BB44-8F5B3845DFD7}
	EndGlobalSection
EndGlobal
